// !$*UTF8*$!
{
	archiveVersion = 1;
	classes = {
	};
	objectVersion = 46;
	objects = {

/* Begin PBXBuildFile section */
		AD94528D00084332AC355532 /* libPods-Pear.a in Frameworks */ = {isa = PBXBuildFile; fileRef = 43C287D5BBFD4FE6AD6425C7 /* libPods-Pear.a */; };
		D0F5942119EB0D3C00B09260 /* main.m in Sources */ = {isa = PBXBuildFile; fileRef = D0F5942019EB0D3C00B09260 /* main.m */; };
		D0F5942419EB0D3C00B09260 /* AppDelegate.m in Sources */ = {isa = PBXBuildFile; fileRef = D0F5942319EB0D3C00B09260 /* AppDelegate.m */; };
		D0F5942719EB0D3C00B09260 /* Pear.xcdatamodeld in Sources */ = {isa = PBXBuildFile; fileRef = D0F5942519EB0D3C00B09260 /* Pear.xcdatamodeld */; };
		D0F5942D19EB0D3C00B09260 /* Main.storyboard in Resources */ = {isa = PBXBuildFile; fileRef = D0F5942B19EB0D3C00B09260 /* Main.storyboard */; };
		D0F5942F19EB0D3C00B09260 /* Images.xcassets in Resources */ = {isa = PBXBuildFile; fileRef = D0F5942E19EB0D3C00B09260 /* Images.xcassets */; };
		D0F5943219EB0D3C00B09260 /* LaunchScreen.xib in Resources */ = {isa = PBXBuildFile; fileRef = D0F5943019EB0D3C00B09260 /* LaunchScreen.xib */; };
		D0F5943E19EB0D3C00B09260 /* PearTests.m in Sources */ = {isa = PBXBuildFile; fileRef = D0F5943D19EB0D3C00B09260 /* PearTests.m */; };
		D0F5944A19EB6FFF00B09260 /* PARLoginViewController.m in Sources */ = {isa = PBXBuildFile; fileRef = D0F5944919EB6FFF00B09260 /* PARLoginViewController.m */; };
		D0F5944D19EB7BBA00B09260 /* PARDataStore.m in Sources */ = {isa = PBXBuildFile; fileRef = D0F5944C19EB7BBA00B09260 /* PARDataStore.m */; };
		D0F5945219EC314C00B09260 /* PARGameViewController.m in Sources */ = {isa = PBXBuildFile; fileRef = D0F5945119EC314C00B09260 /* PARGameViewController.m */; };
		D0F5945619EC526700B09260 /* PARGameResultsViewController.m in Sources */ = {isa = PBXBuildFile; fileRef = D0F5945519EC526700B09260 /* PARGameResultsViewController.m */; };
/* End PBXBuildFile section */

/* Begin PBXContainerItemProxy section */
		D0F5943819EB0D3C00B09260 /* PBXContainerItemProxy */ = {
			isa = PBXContainerItemProxy;
			containerPortal = D0F5941319EB0D3B00B09260 /* Project object */;
			proxyType = 1;
			remoteGlobalIDString = D0F5941A19EB0D3C00B09260;
			remoteInfo = Pear;
		};
/* End PBXContainerItemProxy section */

/* Begin PBXFileReference section */
		43C287D5BBFD4FE6AD6425C7 /* libPods-Pear.a */ = {isa = PBXFileReference; explicitFileType = archive.ar; includeInIndex = 0; path = "libPods-Pear.a"; sourceTree = BUILT_PRODUCTS_DIR; };
		6DE8D1FF11264B66BF6E35B0 /* Pods-Pear.xcconfig */ = {isa = PBXFileReference; includeInIndex = 1; lastKnownFileType = text.xcconfig; name = "Pods-Pear.xcconfig"; path = "Pods/Pods-Pear.xcconfig"; sourceTree = "<group>"; };
		D0F5941B19EB0D3C00B09260 /* Pear.app */ = {isa = PBXFileReference; explicitFileType = wrapper.application; includeInIndex = 0; path = Pear.app; sourceTree = BUILT_PRODUCTS_DIR; };
		D0F5941F19EB0D3C00B09260 /* Info.plist */ = {isa = PBXFileReference; lastKnownFileType = text.plist.xml; path = Info.plist; sourceTree = "<group>"; };
		D0F5942019EB0D3C00B09260 /* main.m */ = {isa = PBXFileReference; lastKnownFileType = sourcecode.c.objc; path = main.m; sourceTree = "<group>"; };
		D0F5942219EB0D3C00B09260 /* AppDelegate.h */ = {isa = PBXFileReference; lastKnownFileType = sourcecode.c.h; path = AppDelegate.h; sourceTree = "<group>"; };
		D0F5942319EB0D3C00B09260 /* AppDelegate.m */ = {isa = PBXFileReference; lastKnownFileType = sourcecode.c.objc; path = AppDelegate.m; sourceTree = "<group>"; };
		D0F5942619EB0D3C00B09260 /* Pear.xcdatamodel */ = {isa = PBXFileReference; lastKnownFileType = wrapper.xcdatamodel; path = Pear.xcdatamodel; sourceTree = "<group>"; };
		D0F5942C19EB0D3C00B09260 /* Base */ = {isa = PBXFileReference; lastKnownFileType = file.storyboard; name = Base; path = Base.lproj/Main.storyboard; sourceTree = "<group>"; };
		D0F5942E19EB0D3C00B09260 /* Images.xcassets */ = {isa = PBXFileReference; lastKnownFileType = folder.assetcatalog; path = Images.xcassets; sourceTree = "<group>"; };
		D0F5943119EB0D3C00B09260 /* Base */ = {isa = PBXFileReference; lastKnownFileType = file.xib; name = Base; path = Base.lproj/LaunchScreen.xib; sourceTree = "<group>"; };
		D0F5943719EB0D3C00B09260 /* PearTests.xctest */ = {isa = PBXFileReference; explicitFileType = wrapper.cfbundle; includeInIndex = 0; path = PearTests.xctest; sourceTree = BUILT_PRODUCTS_DIR; };
		D0F5943C19EB0D3C00B09260 /* Info.plist */ = {isa = PBXFileReference; lastKnownFileType = text.plist.xml; path = Info.plist; sourceTree = "<group>"; };
		D0F5943D19EB0D3C00B09260 /* PearTests.m */ = {isa = PBXFileReference; lastKnownFileType = sourcecode.c.objc; path = PearTests.m; sourceTree = "<group>"; };
		D0F5944819EB6FFF00B09260 /* PARLoginViewController.h */ = {isa = PBXFileReference; fileEncoding = 4; lastKnownFileType = sourcecode.c.h; path = PARLoginViewController.h; sourceTree = "<group>"; };
		D0F5944919EB6FFF00B09260 /* PARLoginViewController.m */ = {isa = PBXFileReference; fileEncoding = 4; lastKnownFileType = sourcecode.c.objc; path = PARLoginViewController.m; sourceTree = "<group>"; };
		D0F5944B19EB7BBA00B09260 /* PARDataStore.h */ = {isa = PBXFileReference; fileEncoding = 4; lastKnownFileType = sourcecode.c.h; path = PARDataStore.h; sourceTree = "<group>"; };
		D0F5944C19EB7BBA00B09260 /* PARDataStore.m */ = {isa = PBXFileReference; fileEncoding = 4; lastKnownFileType = sourcecode.c.objc; path = PARDataStore.m; sourceTree = "<group>"; };
		D0F5945019EC314C00B09260 /* PARGameViewController.h */ = {isa = PBXFileReference; fileEncoding = 4; lastKnownFileType = sourcecode.c.h; path = PARGameViewController.h; sourceTree = "<group>"; };
		D0F5945119EC314C00B09260 /* PARGameViewController.m */ = {isa = PBXFileReference; fileEncoding = 4; lastKnownFileType = sourcecode.c.objc; path = PARGameViewController.m; sourceTree = "<group>"; };
		D0F5945419EC526700B09260 /* PARGameResultsViewController.h */ = {isa = PBXFileReference; fileEncoding = 4; lastKnownFileType = sourcecode.c.h; path = PARGameResultsViewController.h; sourceTree = "<group>"; };
		D0F5945519EC526700B09260 /* PARGameResultsViewController.m */ = {isa = PBXFileReference; fileEncoding = 4; lastKnownFileType = sourcecode.c.objc; path = PARGameResultsViewController.m; sourceTree = "<group>"; };
/* End PBXFileReference section */

/* Begin PBXFrameworksBuildPhase section */
		D0F5941819EB0D3C00B09260 /* Frameworks */ = {
			isa = PBXFrameworksBuildPhase;
			buildActionMask = 2147483647;
			files = (
				AD94528D00084332AC355532 /* libPods-Pear.a in Frameworks */,
			);
			runOnlyForDeploymentPostprocessing = 0;
		};
		D0F5943419EB0D3C00B09260 /* Frameworks */ = {
			isa = PBXFrameworksBuildPhase;
			buildActionMask = 2147483647;
			files = (
			);
			runOnlyForDeploymentPostprocessing = 0;
		};
/* End PBXFrameworksBuildPhase section */

/* Begin PBXGroup section */
		5954EBDCD5F34B149298BFC2 /* Frameworks */ = {
			isa = PBXGroup;
			children = (
				43C287D5BBFD4FE6AD6425C7 /* libPods-Pear.a */,
			);
			name = Frameworks;
			sourceTree = "<group>";
		};
		D0F5941219EB0D3B00B09260 = {
			isa = PBXGroup;
			children = (
				D0F5941D19EB0D3C00B09260 /* Pear */,
				D0F5943A19EB0D3C00B09260 /* PearTests */,
				D0F5941C19EB0D3C00B09260 /* Products */,
				6DE8D1FF11264B66BF6E35B0 /* Pods-Pear.xcconfig */,
				5954EBDCD5F34B149298BFC2 /* Frameworks */,
			);
			sourceTree = "<group>";
		};
		D0F5941C19EB0D3C00B09260 /* Products */ = {
			isa = PBXGroup;
			children = (
				D0F5941B19EB0D3C00B09260 /* Pear.app */,
				D0F5943719EB0D3C00B09260 /* PearTests.xctest */,
			);
			name = Products;
			sourceTree = "<group>";
		};
		D0F5941D19EB0D3C00B09260 /* Pear */ = {
			isa = PBXGroup;
			children = (
				D0F5944719EB0D8600B09260 /* Delegate */,
				D0F5944E19EB7BC300B09260 /* Login */,
				D0F5945319EC315900B09260 /* Pear Game */,
				D0F5942B19EB0D3C00B09260 /* Main.storyboard */,
				D0F5944F19EB7BCE00B09260 /* Stores */,
				D0F5942E19EB0D3C00B09260 /* Images.xcassets */,
				D0F5943019EB0D3C00B09260 /* LaunchScreen.xib */,
				D0F5942519EB0D3C00B09260 /* Pear.xcdatamodeld */,
				D0F5941E19EB0D3C00B09260 /* Supporting Files */,
			);
			path = Pear;
			sourceTree = "<group>";
		};
		D0F5941E19EB0D3C00B09260 /* Supporting Files */ = {
			isa = PBXGroup;
			children = (
				D0F5941F19EB0D3C00B09260 /* Info.plist */,
				D0F5942019EB0D3C00B09260 /* main.m */,
			);
			name = "Supporting Files";
			sourceTree = "<group>";
		};
		D0F5943A19EB0D3C00B09260 /* PearTests */ = {
			isa = PBXGroup;
			children = (
				D0F5943D19EB0D3C00B09260 /* PearTests.m */,
				D0F5943B19EB0D3C00B09260 /* Supporting Files */,
			);
			path = PearTests;
			sourceTree = "<group>";
		};
		D0F5943B19EB0D3C00B09260 /* Supporting Files */ = {
			isa = PBXGroup;
			children = (
				D0F5943C19EB0D3C00B09260 /* Info.plist */,
			);
			name = "Supporting Files";
			sourceTree = "<group>";
		};
		D0F5944719EB0D8600B09260 /* Delegate */ = {
			isa = PBXGroup;
			children = (
				D0F5942219EB0D3C00B09260 /* AppDelegate.h */,
				D0F5942319EB0D3C00B09260 /* AppDelegate.m */,
			);
			name = Delegate;
			sourceTree = "<group>";
		};
		D0F5944E19EB7BC300B09260 /* Login */ = {
			isa = PBXGroup;
			children = (
				D0F5944819EB6FFF00B09260 /* PARLoginViewController.h */,
				D0F5944919EB6FFF00B09260 /* PARLoginViewController.m */,
			);
			name = Login;
			sourceTree = "<group>";
		};
		D0F5944F19EB7BCE00B09260 /* Stores */ = {
			isa = PBXGroup;
			children = (
				D0F5944B19EB7BBA00B09260 /* PARDataStore.h */,
				D0F5944C19EB7BBA00B09260 /* PARDataStore.m */,
			);
			name = Stores;
			sourceTree = "<group>";
		};
		D0F5945319EC315900B09260 /* Pear Game */ = {
			isa = PBXGroup;
			children = (
				D0F5945019EC314C00B09260 /* PARGameViewController.h */,
				D0F5945119EC314C00B09260 /* PARGameViewController.m */,
				D0F5945419EC526700B09260 /* PARGameResultsViewController.h */,
				D0F5945519EC526700B09260 /* PARGameResultsViewController.m */,
			);
			name = "Pear Game";
			sourceTree = "<group>";
		};
/* End PBXGroup section */

/* Begin PBXNativeTarget section */
		D0F5941A19EB0D3C00B09260 /* Pear */ = {
			isa = PBXNativeTarget;
			buildConfigurationList = D0F5944119EB0D3C00B09260 /* Build configuration list for PBXNativeTarget "Pear" */;
			buildPhases = (
				6B16B62996584303817AB76C /* Check Pods Manifest.lock */,
				D0F5941719EB0D3C00B09260 /* Sources */,
				D0F5941819EB0D3C00B09260 /* Frameworks */,
				D0F5941919EB0D3C00B09260 /* Resources */,
				21EED796001A4BBA8B04F91E /* Copy Pods Resources */,
			);
			buildRules = (
			);
			dependencies = (
			);
			name = Pear;
			productName = Pear;
			productReference = D0F5941B19EB0D3C00B09260 /* Pear.app */;
			productType = "com.apple.product-type.application";
		};
		D0F5943619EB0D3C00B09260 /* PearTests */ = {
			isa = PBXNativeTarget;
			buildConfigurationList = D0F5944419EB0D3C00B09260 /* Build configuration list for PBXNativeTarget "PearTests" */;
			buildPhases = (
				D0F5943319EB0D3C00B09260 /* Sources */,
				D0F5943419EB0D3C00B09260 /* Frameworks */,
				D0F5943519EB0D3C00B09260 /* Resources */,
			);
			buildRules = (
			);
			dependencies = (
				D0F5943919EB0D3C00B09260 /* PBXTargetDependency */,
			);
			name = PearTests;
			productName = PearTests;
			productReference = D0F5943719EB0D3C00B09260 /* PearTests.xctest */;
			productType = "com.apple.product-type.bundle.unit-test";
		};
/* End PBXNativeTarget section */

/* Begin PBXProject section */
		D0F5941319EB0D3B00B09260 /* Project object */ = {
			isa = PBXProject;
			attributes = {
				CLASSPREFIX = PAR;
				LastUpgradeCheck = 0600;
				ORGANIZATIONNAME = Pear;
				TargetAttributes = {
					D0F5941A19EB0D3C00B09260 = {
						CreatedOnToolsVersion = 6.0.1;
					};
					D0F5943619EB0D3C00B09260 = {
						CreatedOnToolsVersion = 6.0.1;
						TestTargetID = D0F5941A19EB0D3C00B09260;
					};
				};
			};
			buildConfigurationList = D0F5941619EB0D3B00B09260 /* Build configuration list for PBXProject "Pear" */;
			compatibilityVersion = "Xcode 3.2";
			developmentRegion = English;
			hasScannedForEncodings = 0;
			knownRegions = (
				en,
				Base,
			);
			mainGroup = D0F5941219EB0D3B00B09260;
			productRefGroup = D0F5941C19EB0D3C00B09260 /* Products */;
			projectDirPath = "";
			projectRoot = "";
			targets = (
				D0F5941A19EB0D3C00B09260 /* Pear */,
				D0F5943619EB0D3C00B09260 /* PearTests */,
			);
		};
/* End PBXProject section */

/* Begin PBXResourcesBuildPhase section */
		D0F5941919EB0D3C00B09260 /* Resources */ = {
			isa = PBXResourcesBuildPhase;
			buildActionMask = 2147483647;
			files = (
				D0F5942D19EB0D3C00B09260 /* Main.storyboard in Resources */,
				D0F5943219EB0D3C00B09260 /* LaunchScreen.xib in Resources */,
				D0F5942F19EB0D3C00B09260 /* Images.xcassets in Resources */,
			);
			runOnlyForDeploymentPostprocessing = 0;
		};
		D0F5943519EB0D3C00B09260 /* Resources */ = {
			isa = PBXResourcesBuildPhase;
			buildActionMask = 2147483647;
			files = (
			);
			runOnlyForDeploymentPostprocessing = 0;
		};
/* End PBXResourcesBuildPhase section */

/* Begin PBXShellScriptBuildPhase section */
		21EED796001A4BBA8B04F91E /* Copy Pods Resources */ = {
			isa = PBXShellScriptBuildPhase;
			buildActionMask = 2147483647;
			files = (
			);
			inputPaths = (
			);
			name = "Copy Pods Resources";
			outputPaths = (
			);
			runOnlyForDeploymentPostprocessing = 0;
			shellPath = /bin/sh;
			shellScript = "\"${SRCROOT}/Pods/Pods-Pear-resources.sh\"\n";
			showEnvVarsInLog = 0;
		};
		6B16B62996584303817AB76C /* Check Pods Manifest.lock */ = {
			isa = PBXShellScriptBuildPhase;
			buildActionMask = 2147483647;
			files = (
			);
			inputPaths = (
			);
			name = "Check Pods Manifest.lock";
			outputPaths = (
			);
			runOnlyForDeploymentPostprocessing = 0;
			shellPath = /bin/sh;
			shellScript = "diff \"${PODS_ROOT}/../Podfile.lock\" \"${PODS_ROOT}/Manifest.lock\" > /dev/null\nif [[ $? != 0 ]] ; then\n    cat << EOM\nerror: The sandbox is not in sync with the Podfile.lock. Run 'pod install' or update your CocoaPods installation.\nEOM\n    exit 1\nfi\n";
			showEnvVarsInLog = 0;
		};
/* End PBXShellScriptBuildPhase section */

/* Begin PBXSourcesBuildPhase section */
		D0F5941719EB0D3C00B09260 /* Sources */ = {
			isa = PBXSourcesBuildPhase;
			buildActionMask = 2147483647;
			files = (
				D0F5945219EC314C00B09260 /* PARGameViewController.m in Sources */,
				D0F5944D19EB7BBA00B09260 /* PARDataStore.m in Sources */,
				D0F5945619EC526700B09260 /* PARGameResultsViewController.m in Sources */,
				D0F5942419EB0D3C00B09260 /* AppDelegate.m in Sources */,
				D0F5942119EB0D3C00B09260 /* main.m in Sources */,
				D0F5944A19EB6FFF00B09260 /* PARLoginViewController.m in Sources */,
				D0F5942719EB0D3C00B09260 /* Pear.xcdatamodeld in Sources */,
			);
			runOnlyForDeploymentPostprocessing = 0;
		};
		D0F5943319EB0D3C00B09260 /* Sources */ = {
			isa = PBXSourcesBuildPhase;
			buildActionMask = 2147483647;
			files = (
				D0F5943E19EB0D3C00B09260 /* PearTests.m in Sources */,
			);
			runOnlyForDeploymentPostprocessing = 0;
		};
/* End PBXSourcesBuildPhase section */

/* Begin PBXTargetDependency section */
		D0F5943919EB0D3C00B09260 /* PBXTargetDependency */ = {
			isa = PBXTargetDependency;
			target = D0F5941A19EB0D3C00B09260 /* Pear */;
			targetProxy = D0F5943819EB0D3C00B09260 /* PBXContainerItemProxy */;
		};
/* End PBXTargetDependency section */

/* Begin PBXVariantGroup section */
		D0F5942B19EB0D3C00B09260 /* Main.storyboard */ = {
			isa = PBXVariantGroup;
			children = (
				D0F5942C19EB0D3C00B09260 /* Base */,
			);
			name = Main.storyboard;
			sourceTree = "<group>";
		};
		D0F5943019EB0D3C00B09260 /* LaunchScreen.xib */ = {
			isa = PBXVariantGroup;
			children = (
				D0F5943119EB0D3C00B09260 /* Base */,
			);
			name = LaunchScreen.xib;
			sourceTree = "<group>";
		};
/* End PBXVariantGroup section */

/* Begin XCBuildConfiguration section */
		D0F5943F19EB0D3C00B09260 /* Debug */ = {
			isa = XCBuildConfiguration;
			buildSettings = {
				ALWAYS_SEARCH_USER_PATHS = NO;
				CLANG_CXX_LANGUAGE_STANDARD = "gnu++0x";
				CLANG_CXX_LIBRARY = "libc++";
				CLANG_ENABLE_MODULES = YES;
				CLANG_ENABLE_OBJC_ARC = YES;
				CLANG_WARN_BOOL_CONVERSION = YES;
				CLANG_WARN_CONSTANT_CONVERSION = YES;
				CLANG_WARN_DIRECT_OBJC_ISA_USAGE = YES_ERROR;
				CLANG_WARN_EMPTY_BODY = YES;
				CLANG_WARN_ENUM_CONVERSION = YES;
				CLANG_WARN_INT_CONVERSION = YES;
				CLANG_WARN_OBJC_ROOT_CLASS = YES_ERROR;
				CLANG_WARN_UNREACHABLE_CODE = YES;
				CLANG_WARN__DUPLICATE_METHOD_MATCH = YES;
				"CODE_SIGN_IDENTITY[sdk=iphoneos*]" = "iPhone Developer";
				COPY_PHASE_STRIP = NO;
				ENABLE_STRICT_OBJC_MSGSEND = YES;
				GCC_C_LANGUAGE_STANDARD = gnu99;
				GCC_DYNAMIC_NO_PIC = NO;
				GCC_OPTIMIZATION_LEVEL = 0;
				GCC_PREPROCESSOR_DEFINITIONS = (
					"DEBUG=1",
					"$(inherited)",
				);
				GCC_SYMBOLS_PRIVATE_EXTERN = NO;
				GCC_WARN_64_TO_32_BIT_CONVERSION = YES;
				GCC_WARN_ABOUT_RETURN_TYPE = YES_ERROR;
				GCC_WARN_UNDECLARED_SELECTOR = YES;
				GCC_WARN_UNINITIALIZED_AUTOS = YES_AGGRESSIVE;
				GCC_WARN_UNUSED_FUNCTION = YES;
				GCC_WARN_UNUSED_VARIABLE = YES;
				IPHONEOS_DEPLOYMENT_TARGET = 8.0;
				MTL_ENABLE_DEBUG_INFO = YES;
				ONLY_ACTIVE_ARCH = YES;
				SDKROOT = iphoneos;
			};
			name = Debug;
		};
		D0F5944019EB0D3C00B09260 /* Release */ = {
			isa = XCBuildConfiguration;
			buildSettings = {
				ALWAYS_SEARCH_USER_PATHS = NO;
				CLANG_CXX_LANGUAGE_STANDARD = "gnu++0x";
				CLANG_CXX_LIBRARY = "libc++";
				CLANG_ENABLE_MODULES = YES;
				CLANG_ENABLE_OBJC_ARC = YES;
				CLANG_WARN_BOOL_CONVERSION = YES;
				CLANG_WARN_CONSTANT_CONVERSION = YES;
				CLANG_WARN_DIRECT_OBJC_ISA_USAGE = YES_ERROR;
				CLANG_WARN_EMPTY_BODY = YES;
				CLANG_WARN_ENUM_CONVERSION = YES;
				CLANG_WARN_INT_CONVERSION = YES;
				CLANG_WARN_OBJC_ROOT_CLASS = YES_ERROR;
				CLANG_WARN_UNREACHABLE_CODE = YES;
				CLANG_WARN__DUPLICATE_METHOD_MATCH = YES;
				"CODE_SIGN_IDENTITY[sdk=iphoneos*]" = "iPhone Developer";
				COPY_PHASE_STRIP = YES;
				ENABLE_NS_ASSERTIONS = NO;
				ENABLE_STRICT_OBJC_MSGSEND = YES;
				GCC_C_LANGUAGE_STANDARD = gnu99;
				GCC_WARN_64_TO_32_BIT_CONVERSION = YES;
				GCC_WARN_ABOUT_RETURN_TYPE = YES_ERROR;
				GCC_WARN_UNDECLARED_SELECTOR = YES;
				GCC_WARN_UNINITIALIZED_AUTOS = YES_AGGRESSIVE;
				GCC_WARN_UNUSED_FUNCTION = YES;
				GCC_WARN_UNUSED_VARIABLE = YES;
				IPHONEOS_DEPLOYMENT_TARGET = 8.0;
				MTL_ENABLE_DEBUG_INFO = NO;
				SDKROOT = iphoneos;
				VALIDATE_PRODUCT = YES;
			};
			name = Release;
		};
		D0F5944219EB0D3C00B09260 /* Debug */ = {
			isa = XCBuildConfiguration;
			baseConfigurationReference = 6DE8D1FF11264B66BF6E35B0 /* Pods-Pear.xcconfig */;
			buildSettings = {
				ASSETCATALOG_COMPILER_APPICON_NAME = AppIcon;
				INFOPLIST_FILE = Pear/Info.plist;
				LD_RUNPATH_SEARCH_PATHS = "$(inherited) @executable_path/Frameworks";
				PRODUCT_NAME = "$(TARGET_NAME)";
			};
			name = Debug;
		};
		D0F5944319EB0D3C00B09260 /* Release */ = {
			isa = XCBuildConfiguration;
			baseConfigurationReference = 6DE8D1FF11264B66BF6E35B0 /* Pods-Pear.xcconfig */;
			buildSettings = {
				ASSETCATALOG_COMPILER_APPICON_NAME = AppIcon;
				INFOPLIST_FILE = Pear/Info.plist;
				LD_RUNPATH_SEARCH_PATHS = "$(inherited) @executable_path/Frameworks";
				PRODUCT_NAME = "$(TARGET_NAME)";
			};
			name = Release;
		};
		D0F5944519EB0D3C00B09260 /* Debug */ = {
			isa = XCBuildConfiguration;
			buildSettings = {
				BUNDLE_LOADER = "$(TEST_HOST)";
				FRAMEWORK_SEARCH_PATHS = (
					"$(SDKROOT)/Developer/Library/Frameworks",
					"$(inherited)",
				);
				GCC_PREPROCESSOR_DEFINITIONS = (
					"DEBUG=1",
					"$(inherited)",
				);
				INFOPLIST_FILE = PearTests/Info.plist;
				LD_RUNPATH_SEARCH_PATHS = "$(inherited) @executable_path/Frameworks @loader_path/Frameworks";
				PRODUCT_NAME = "$(TARGET_NAME)";
				TEST_HOST = "$(BUILT_PRODUCTS_DIR)/Pear.app/Pear";
			};
			name = Debug;
		};
		D0F5944619EB0D3C00B09260 /* Release */ = {
			isa = XCBuildConfiguration;
			buildSettings = {
				BUNDLE_LOADER = "$(TEST_HOST)";
				FRAMEWORK_SEARCH_PATHS = (
					"$(SDKROOT)/Developer/Library/Frameworks",
					"$(inherited)",
				);
				INFOPLIST_FILE = PearTests/Info.plist;
				LD_RUNPATH_SEARCH_PATHS = "$(inherited) @executable_path/Frameworks @loader_path/Frameworks";
				PRODUCT_NAME = "$(TARGET_NAME)";
				TEST_HOST = "$(BUILT_PRODUCTS_DIR)/Pear.app/Pear";
			};
			name = Release;
		};
/* End XCBuildConfiguration section */

/* Begin XCConfigurationList section */
		D0F5941619EB0D3B00B09260 /* Build configuration list for PBXProject "Pear" */ = {
			isa = XCConfigurationList;
			buildConfigurations = (
				D0F5943F19EB0D3C00B09260 /* Debug */,
				D0F5944019EB0D3C00B09260 /* Release */,
			);
			defaultConfigurationIsVisible = 0;
			defaultConfigurationName = Release;
		};
		D0F5944119EB0D3C00B09260 /* Build configuration list for PBXNativeTarget "Pear" */ = {
			isa = XCConfigurationList;
			buildConfigurations = (
				D0F5944219EB0D3C00B09260 /* Debug */,
				D0F5944319EB0D3C00B09260 /* Release */,
			);
			defaultConfigurationIsVisible = 0;
			defaultConfigurationName = Release;
		};
		D0F5944419EB0D3C00B09260 /* Build configuration list for PBXNativeTarget "PearTests" */ = {
			isa = XCConfigurationList;
			buildConfigurations = (
				D0F5944519EB0D3C00B09260 /* Debug */,
				D0F5944619EB0D3C00B09260 /* Release */,
			);
			defaultConfigurationIsVisible = 0;
			defaultConfigurationName = Release;
		};
/* End XCConfigurationList section */

/* Begin XCVersionGroup section */
		D0F5942519EB0D3C00B09260 /* Pear.xcdatamodeld */ = {
			isa = XCVersionGroup;
			children = (
				D0F5942619EB0D3C00B09260 /* Pear.xcdatamodel */,
			);
			currentVersion = D0F5942619EB0D3C00B09260 /* Pear.xcdatamodel */;
			path = Pear.xcdatamodeld;
			sourceTree = "<group>";
			versionGroupType = wrapper.xcdatamodel;
		};
/* End XCVersionGroup section */
	};
	rootObject = D0F5941319EB0D3B00B09260 /* Project object */;
}
